
Microsoft Visual Studio Solution File, Format Version 12.00
# Visual Studio Version 17
VisualStudioVersion = 17.2.32526.322
MinimumVisualStudioVersion = 10.0.40219.1
Project("{FAE04EC0-301F-11D3-BF4B-00C04F79EFBC}") = "EventoWeb.Server", "Server\EventoWeb.Server.csproj", "{4500AA4A-45AA-4331-916D-9B3FBAD928A9}"
EndProject
Project("{FAE04EC0-301F-11D3-BF4B-00C04F79EFBC}") = "EventoWeb.Client", "Client\EventoWeb.Client.csproj", "{A4542B5E-4299-4B1B-BF49-6F3AA0ABC5D4}"
EndProject
Project("{FAE04EC0-301F-11D3-BF4B-00C04F79EFBC}") = "EventoWeb.Shared", "Shared\EventoWeb.Shared.csproj", "{07738C57-6A8E-45C8-AD7A-90F26741C7DA}"
EndProject
Project("{FAE04EC0-301F-11D3-BF4B-00C04F79EFBC}") = "Evento.Test", "..\Evento.Test\Evento.Test.csproj", "{9D0F5947-C036-4D46-9CF4-38F771616448}"
EndProject
Global
	GlobalSection(SolutionConfigurationPlatforms) = preSolution
		Debug|Any CPU = Debug|Any CPU
		Release|Any CPU = Release|Any CPU
	EndGlobalSection
	GlobalSection(ProjectConfigurationPlatforms) = postSolution
		{4500AA4A-45AA-4331-916D-9B3FBAD928A9}.Debug|Any CPU.ActiveCfg = Debug|Any CPU
		{4500AA4A-45AA-4331-916D-9B3FBAD928A9}.Debug|Any CPU.Build.0 = Debug|Any CPU
		{4500AA4A-45AA-4331-916D-9B3FBAD928A9}.Release|Any CPU.ActiveCfg = Release|Any CPU
		{4500AA4A-45AA-4331-916D-9B3FBAD928A9}.Release|Any CPU.Build.0 = Release|Any CPU
		{A4542B5E-4299-4B1B-BF49-6F3AA0ABC5D4}.Debug|Any CPU.ActiveCfg = Debug|Any CPU
		{A4542B5E-4299-4B1B-BF49-6F3AA0ABC5D4}.Debug|Any CPU.Build.0 = Debug|Any CPU
		{A4542B5E-4299-4B1B-BF49-6F3AA0ABC5D4}.Release|Any CPU.ActiveCfg = Release|Any CPU
		{A4542B5E-4299-4B1B-BF49-6F3AA0ABC5D4}.Release|Any CPU.Build.0 = Release|Any CPU
		{07738C57-6A8E-45C8-AD7A-90F26741C7DA}.Debug|Any CPU.ActiveCfg = Debug|Any CPU
		{07738C57-6A8E-45C8-AD7A-90F26741C7DA}.Debug|Any CPU.Build.0 = Debug|Any CPU
		{07738C57-6A8E-45C8-AD7A-90F26741C7DA}.Release|Any CPU.ActiveCfg = Release|Any CPU
		{07738C57-6A8E-45C8-AD7A-90F26741C7DA}.Release|Any CPU.Build.0 = Release|Any CPU
		{9D0F5947-C036-4D46-9CF4-38F771616448}.Debug|Any CPU.ActiveCfg = Debug|Any CPU
		{9D0F5947-C036-4D46-9CF4-38F771616448}.Debug|Any CPU.Build.0 = Debug|Any CPU
		{9D0F5947-C036-4D46-9CF4-38F771616448}.Release|Any CPU.ActiveCfg = Release|Any CPU
		{9D0F5947-C036-4D46-9CF4-38F771616448}.Release|Any CPU.Build.0 = Release|Any CPU
	EndGlobalSection
	GlobalSection(SolutionProperties) = preSolution
		HideSolutionNode = FALSE
	EndGlobalSection
	GlobalSection(ExtensibilityGlobals) = postSolution
		SolutionGuid = {6DBC6FD8-2712-49E5-900C-E92E60854815}
	EndGlobalSection
EndGlobal
